{
    "_readme": [
        "This file locks the dependencies of your project to a known state",
        "Read more about it at https://getcomposer.org/doc/01-basic-usage.md#composer-lock-the-lock-file",
        "This file is @generated automatically"
    ],
    "content-hash": "81e53d08c56bdb07663d0448b9affaf5",
    "packages": [
        {
            "name": "latte/latte",
            "version": "v2.4.6",
            "source": {
                "type": "git",
                "url": "https://github.com/nette/latte.git",
                "reference": "6d560edc49b052de6821acb48a1f438862d5b48b"
            },
            "dist": {
                "type": "zip",
                "url": "https://api.github.com/repos/nette/latte/zipball/6d560edc49b052de6821acb48a1f438862d5b48b",
                "reference": "6d560edc49b052de6821acb48a1f438862d5b48b",
                "shasum": ""
            },
            "require": {
                "ext-json": "*",
                "ext-tokenizer": "*",
                "php": ">=5.4.4"
            },
            "conflict": {
                "nette/application": "<2.4.1"
            },
            "require-dev": {
                "nette/tester": "~1.7",
                "tracy/tracy": "^2.3"
            },
            "suggest": {
                "ext-fileinfo": "to use filter |datastream",
                "ext-mbstring": "to use filters like lower, upper, capitalize, ...",
                "nette/utils": "to use filter |webalize"
            },
            "type": "library",
            "extra": {
                "branch-alias": {
                    "dev-master": "2.4-dev"
                }
            },
            "autoload": {
                "classmap": [
                    "src/"
                ]
            },
            "notification-url": "https://packagist.org/downloads/",
            "license": [
                "BSD-3-Clause",
                "GPL-2.0",
                "GPL-3.0"
            ],
            "authors": [
                {
                    "name": "David Grudl",
                    "homepage": "https://davidgrudl.com"
                },
                {
                    "name": "Nette Community",
                    "homepage": "https://nette.org/contributors"
                }
            ],
            "description": "☕ Latte: the intuitive and fast template engine for those who want the most secure PHP sites. Introduces context-sensitive escaping.",
            "homepage": "https://latte.nette.org",
            "keywords": [
                "context-sensitive",
                "engine",
                "escaping",
                "html",
                "nette",
                "security",
                "template",
                "twig"
            ],
            "time": "2017-08-29T08:24:52+00:00"
        },
        {
            "name": "wenprise/template-render",
            "version": "v0.3-beta",
            "source": {
                "type": "git",
                "url": "https://github.com/iwillhappy1314/wenprise-template-render.git",
                "reference": "cb08834a735808eaaa75f384bb34611406a97d2d"
            },
            "dist": {
                "type": "zip",
                "url": "https://api.github.com/repos/iwillhappy1314/wenprise-template-render/zipball/cb08834a735808eaaa75f384bb34611406a97d2d",
                "reference": "cb08834a735808eaaa75f384bb34611406a97d2d",
                "shasum": ""
            },
            "require": {
                "php": ">=5.6"
            },
            "type": "library",
            "autoload": {
                "psr-4": [],
                "files": [
                    "src/loader.php"
                ]
            },
            "notification-url": "https://packagist.org/downloads/",
            "license": [
                "MIT"
            ],
            "authors": [
                {
                    "name": "Amos Lee",
                    "email": "iwillhappy1314@gmail.com"
                }
            ],
            "description": "Allow WordPress plugin user to overwrite plugin templates in themes",
            "time": "2018-01-06T11:42:08+00:00"
        },
        {
            "name": "wenprise/theme-helper",
            "version": "0.2-beta",
            "source": {
                "type": "git",
                "url": "https://github.com/iwillhappy1314/wenprise-theme-helper.git",
                "reference": "de3402000514a3604c70fd97e805f69d476f3946"
            },
            "dist": {
                "type": "zip",
                "url": "https://api.github.com/repos/iwillhappy1314/wenprise-theme-helper/zipball/de3402000514a3604c70fd97e805f69d476f3946",
                "reference": "de3402000514a3604c70fd97e805f69d476f3946",
                "shasum": ""
            },
            "require": {
                "latte/latte": "^2.4",
                "php": ">=5.6"
            },
            "type": "library",
            "autoload": {
                "psr-4": [],
                "files": [
                    "src/helpers.php"
                ]
            },
            "notification-url": "https://packagist.org/downloads/",
            "license": [
                "MIT"
            ],
            "authors": [
                {
                    "name": "Amos Lee",
                    "email": "iwillhappy1314@gmail.com"
                }
            ],
            "description": "Most used helper functions to develop WordPress theme.",
            "time": "2018-01-06T11:48:21+00:00"
        }
    ],
    "packages-dev": [],
    "aliases": [],
    "minimum-stability": "beta",
    "stability-flags": {
        "wenprise/theme-helper": 10,
        "wenprise/template-render": 10
    },
    "prefer-stable": false,
    "prefer-lowest": false,
    "platform": {
        "php": ">=5.6"
    },
    "platform-dev": []
}
